
Microsoft Visual Studio Solution File, Format Version 12.00
# Visual Studio 15
VisualStudioVersion = 15.0.28307.489
MinimumVisualStudioVersion = 10.0.40219.1
Project("{FAE04EC0-301F-11D3-BF4B-00C04F79EFBC}") = "QLGV", "QLGV\QLGV.csproj", "{4C406410-5904-4C0C-B62C-7858FEE6591F}"
EndProject
Global
	GlobalSection(SolutionConfigurationPlatforms) = preSolution
		Debug|Any CPU = Debug|Any CPU
		Release|Any CPU = Release|Any CPU
	EndGlobalSection
	GlobalSection(ProjectConfigurationPlatforms) = postSolution
		{4C406410-5904-4C0C-B62C-7858FEE6591F}.Debug|Any CPU.ActiveCfg = Debug|Any CPU
		{4C406410-5904-4C0C-B62C-7858FEE6591F}.Debug|Any CPU.Build.0 = Debug|Any CPU
		{4C406410-5904-4C0C-B62C-7858FEE6591F}.Release|Any CPU.ActiveCfg = Release|Any CPU
		{4C406410-5904-4C0C-B62C-7858FEE6591F}.Release|Any CPU.Build.0 = Release|Any CPU
	EndGlobalSection
	GlobalSection(SolutionProperties) = preSolution
		HideSolutionNode = FALSE
	EndGlobalSection
	GlobalSection(ExtensibilityGlobals) = postSolution
		SolutionGuid = {1D4B596B-7466-41A9-BA85-2707FC2E1420}
	EndGlobalSection
EndGlobal
